
Microsoft Visual Studio Solution File, Format Version 12.00
# Visual Studio Version 17
VisualStudioVersion = 17.9.34616.47
MinimumVisualStudioVersion = 10.0.40219.1
Project("{2150E333-8FDC-42A3-9474-1A3956D46DE8}") = "Application", "Application", "{A05DA261-4B4B-4243-9E09-8044A728B8B5}"
EndProject
Project("{2150E333-8FDC-42A3-9474-1A3956D46DE8}") = "Core", "Core", "{07250364-8351-4086-98FD-12C7CF218BD7}"
EndProject
Project("{2150E333-8FDC-42A3-9474-1A3956D46DE8}") = "Infraestructure", "Infraestructure", "{9A8DE64A-E6EC-4771-86B8-DDDE71681E11}"
EndProject
Project("{FAE04EC0-301F-11D3-BF4B-00C04F79EFBC}") = "Api", "Api\Api.csproj", "{72D9C01B-247E-4F02-B2F4-552A2802C5DA}"
EndProject
Project("{FAE04EC0-301F-11D3-BF4B-00C04F79EFBC}") = "GenericApplication", "GenericApplication\GenericApplication.csproj", "{7B2FBE8B-03B6-4F2B-BF79-BF4123229535}"
EndProject
Project("{FAE04EC0-301F-11D3-BF4B-00C04F79EFBC}") = "Domain", "Domain\Domain.csproj", "{060305BF-84F3-42C9-9A45-352C969D2BDC}"
EndProject
Project("{2150E333-8FDC-42A3-9474-1A3956D46DE8}") = "Entiity", "Entiity", "{2AA10F0D-1EDE-43DC-8543-2C12A5769275}"
EndProject
Project("{2150E333-8FDC-42A3-9474-1A3956D46DE8}") = "ADO", "ADO", "{A5E6F543-B640-4B14-BC17-90B150DA7E5A}"
EndProject
Project("{FAE04EC0-301F-11D3-BF4B-00C04F79EFBC}") = "ADOInfraestructure", "ADOInfraestructure\ADOInfraestructure.csproj", "{0254D0F4-CF5A-45D4-B088-EA1DB198DE0A}"
EndProject
Project("{FAE04EC0-301F-11D3-BF4B-00C04F79EFBC}") = "EntityInfraestructure", "EntityInfraestructure\EntityInfraestructure.csproj", "{8FAAE519-58F4-4140-B2C5-7C016C46F212}"
EndProject
Project("{FAE04EC0-301F-11D3-BF4B-00C04F79EFBC}") = "Web", "Web\Web.csproj", "{56AAAA8B-6AC7-4A5F-8C25-A9A5A55045F3}"
EndProject
Project("{2150E333-8FDC-42A3-9474-1A3956D46DE8}") = "Utilities", "Utilities", "{733F8ECC-6B3A-4712-B3A0-71C2087F43A5}"
EndProject
Project("{FAE04EC0-301F-11D3-BF4B-00C04F79EFBC}") = "Utilities", "Utilities\Utilities.csproj", "{4ACF8EAF-75A9-4064-A0C0-474C6430FEED}"
EndProject
Global
	GlobalSection(SolutionConfigurationPlatforms) = preSolution
		Debug|Any CPU = Debug|Any CPU
		Release|Any CPU = Release|Any CPU
	EndGlobalSection
	GlobalSection(ProjectConfigurationPlatforms) = postSolution
		{72D9C01B-247E-4F02-B2F4-552A2802C5DA}.Debug|Any CPU.ActiveCfg = Debug|Any CPU
		{72D9C01B-247E-4F02-B2F4-552A2802C5DA}.Debug|Any CPU.Build.0 = Debug|Any CPU
		{72D9C01B-247E-4F02-B2F4-552A2802C5DA}.Release|Any CPU.ActiveCfg = Release|Any CPU
		{72D9C01B-247E-4F02-B2F4-552A2802C5DA}.Release|Any CPU.Build.0 = Release|Any CPU
		{7B2FBE8B-03B6-4F2B-BF79-BF4123229535}.Debug|Any CPU.ActiveCfg = Debug|Any CPU
		{7B2FBE8B-03B6-4F2B-BF79-BF4123229535}.Debug|Any CPU.Build.0 = Debug|Any CPU
		{7B2FBE8B-03B6-4F2B-BF79-BF4123229535}.Release|Any CPU.ActiveCfg = Release|Any CPU
		{7B2FBE8B-03B6-4F2B-BF79-BF4123229535}.Release|Any CPU.Build.0 = Release|Any CPU
		{060305BF-84F3-42C9-9A45-352C969D2BDC}.Debug|Any CPU.ActiveCfg = Debug|Any CPU
		{060305BF-84F3-42C9-9A45-352C969D2BDC}.Debug|Any CPU.Build.0 = Debug|Any CPU
		{060305BF-84F3-42C9-9A45-352C969D2BDC}.Release|Any CPU.ActiveCfg = Release|Any CPU
		{060305BF-84F3-42C9-9A45-352C969D2BDC}.Release|Any CPU.Build.0 = Release|Any CPU
		{0254D0F4-CF5A-45D4-B088-EA1DB198DE0A}.Debug|Any CPU.ActiveCfg = Debug|Any CPU
		{0254D0F4-CF5A-45D4-B088-EA1DB198DE0A}.Debug|Any CPU.Build.0 = Debug|Any CPU
		{0254D0F4-CF5A-45D4-B088-EA1DB198DE0A}.Release|Any CPU.ActiveCfg = Release|Any CPU
		{0254D0F4-CF5A-45D4-B088-EA1DB198DE0A}.Release|Any CPU.Build.0 = Release|Any CPU
		{8FAAE519-58F4-4140-B2C5-7C016C46F212}.Debug|Any CPU.ActiveCfg = Debug|Any CPU
		{8FAAE519-58F4-4140-B2C5-7C016C46F212}.Debug|Any CPU.Build.0 = Debug|Any CPU
		{8FAAE519-58F4-4140-B2C5-7C016C46F212}.Release|Any CPU.ActiveCfg = Release|Any CPU
		{8FAAE519-58F4-4140-B2C5-7C016C46F212}.Release|Any CPU.Build.0 = Release|Any CPU
		{56AAAA8B-6AC7-4A5F-8C25-A9A5A55045F3}.Debug|Any CPU.ActiveCfg = Debug|Any CPU
		{56AAAA8B-6AC7-4A5F-8C25-A9A5A55045F3}.Debug|Any CPU.Build.0 = Debug|Any CPU
		{56AAAA8B-6AC7-4A5F-8C25-A9A5A55045F3}.Release|Any CPU.ActiveCfg = Release|Any CPU
		{56AAAA8B-6AC7-4A5F-8C25-A9A5A55045F3}.Release|Any CPU.Build.0 = Release|Any CPU
		{4ACF8EAF-75A9-4064-A0C0-474C6430FEED}.Debug|Any CPU.ActiveCfg = Debug|Any CPU
		{4ACF8EAF-75A9-4064-A0C0-474C6430FEED}.Debug|Any CPU.Build.0 = Debug|Any CPU
		{4ACF8EAF-75A9-4064-A0C0-474C6430FEED}.Release|Any CPU.ActiveCfg = Release|Any CPU
		{4ACF8EAF-75A9-4064-A0C0-474C6430FEED}.Release|Any CPU.Build.0 = Release|Any CPU
	EndGlobalSection
	GlobalSection(SolutionProperties) = preSolution
		HideSolutionNode = FALSE
	EndGlobalSection
	GlobalSection(NestedProjects) = preSolution
		{72D9C01B-247E-4F02-B2F4-552A2802C5DA} = {A05DA261-4B4B-4243-9E09-8044A728B8B5}
		{7B2FBE8B-03B6-4F2B-BF79-BF4123229535} = {07250364-8351-4086-98FD-12C7CF218BD7}
		{060305BF-84F3-42C9-9A45-352C969D2BDC} = {07250364-8351-4086-98FD-12C7CF218BD7}
		{2AA10F0D-1EDE-43DC-8543-2C12A5769275} = {9A8DE64A-E6EC-4771-86B8-DDDE71681E11}
		{A5E6F543-B640-4B14-BC17-90B150DA7E5A} = {9A8DE64A-E6EC-4771-86B8-DDDE71681E11}
		{0254D0F4-CF5A-45D4-B088-EA1DB198DE0A} = {A5E6F543-B640-4B14-BC17-90B150DA7E5A}
		{8FAAE519-58F4-4140-B2C5-7C016C46F212} = {2AA10F0D-1EDE-43DC-8543-2C12A5769275}
		{56AAAA8B-6AC7-4A5F-8C25-A9A5A55045F3} = {A05DA261-4B4B-4243-9E09-8044A728B8B5}
		{4ACF8EAF-75A9-4064-A0C0-474C6430FEED} = {733F8ECC-6B3A-4712-B3A0-71C2087F43A5}
	EndGlobalSection
	GlobalSection(ExtensibilityGlobals) = postSolution
		SolutionGuid = {CE7A6BF3-A363-4699-8DBD-1571D3D448D9}
	EndGlobalSection
EndGlobal
